<?xml version="1.0" encoding="utf-8"?>
<Project ToolsVersion="4.0" xmlns="http://schemas.microsoft.com/developer/msbuild/2003">
  <ItemGroup>
    <Filter Include="Resource Files">
      <UniqueIdentifier>{67DA6AB6-F800-4c08-8B7A-83BB121AAD01}</UniqueIdentifier>
      <Extensions>rc;ico;cur;bmp;dlg;rc2;rct;bin;rgs;gif;jpg;jpeg;jpe;resx;tiff;tif;png;wav;mfcribbon-ms</Extensions>
    </Filter>
    <Filter Include="YAFramework">
      <UniqueIdentifier>{6b4cf1fd-b83c-4b4a-91b0-6f06f5f6f6e1}</UniqueIdentifier>
    </Filter>
    <Filter Include="YAFramework\List">
      <UniqueIdentifier>{4684fad9-ac72-4a4e-85da-7e7db98e7ea0}</UniqueIdentifier>
    </Filter>
    <Filter Include="YAFramework\FreeList">
      <UniqueIdentifier>{c008f5e9-c9c6-4cd0-9386-8dadc0d3dba8}</UniqueIdentifier>
    </Filter>
    <Filter Include="YAFramework\Color">
      <UniqueIdentifier>{0ff8efc4-44ae-4146-ba1f-e1cc06e5db23}</UniqueIdentifier>
    </Filter>
    <Filter Include="AccessibleList">
      <UniqueIdentifier>{efa9543c-48ec-4a3d-9b3d-e15871542ebc}</UniqueIdentifier>
    </Filter>
    <Filter Include="Common">
      <UniqueIdentifier>{eedf78fb-9c58-4eb4-b937-809bba0ef377}</UniqueIdentifier>
    </Filter>
    <Filter Include="YAFramework\Stack">
      <UniqueIdentifier>{f9211544-805a-45e9-b1f2-ed4fc53abd03}</UniqueIdentifier>
    </Filter>
  </ItemGroup>
  <ItemGroup>
    <ClCompile Include="AccessibleList.cpp">
      <Filter>AccessibleList</Filter>
    </ClCompile>
    <ClCompile Include="Main.cpp" />
    <ClCompile Include="ItemType.cpp">
      <Filter>YAFramework\Stack</Filter>
    </ClCompile>
  </ItemGroup>
  <ItemGroup>
    <ClInclude Include="List.hpp">
      <Filter>YAFramework\List</Filter>
    </ClInclude>
    <ClInclude Include="Node.hpp">
      <Filter>YAFramework\List</Filter>
    </ClInclude>
    <ClInclude Include="FreeList.hpp">
      <Filter>YAFramework\FreeList</Filter>
    </ClInclude>
    <ClInclude Include="AccessibleList.hpp">
      <Filter>AccessibleList</Filter>
    </ClInclude>
    <ClInclude Include="Color.hpp">
      <Filter>YAFramework\Color</Filter>
    </ClInclude>
    <ClInclude Include="Common.hpp">
      <Filter>Common</Filter>
    </ClInclude>
    <ClInclude Include="Stack.hpp">
      <Filter>YAFramework\Stack</Filter>
    </ClInclude>
    <ClInclude Include="ItemType.hpp">
      <Filter>YAFramework\Stack</Filter>
    </ClInclude>
  </ItemGroup>
</Project>